// !$*UTF8*$!
{
	archiveVersion = 1;
	classes = {
	};
	objectVersion = 77;
	objects = {

/* Begin PBXBuildFile section */
		0811BB2A2D2A31A800632B1F /* FirebaseFirestore in Frameworks */ = {isa = PBXBuildFile; productRef = 0811BB292D2A31A800632B1F /* FirebaseFirestore */; };
		0811BB2C2D2A31BF00632B1F /* FirebaseFirestore in Frameworks */ = {isa = PBXBuildFile; productRef = 0811BB2B2D2A31BF00632B1F /* FirebaseFirestore */; };
		0811BB2E2D2A31CE00632B1F /* FirebaseFirestore in Frameworks */ = {isa = PBXBuildFile; productRef = 0811BB2D2D2A31CE00632B1F /* FirebaseFirestore */; };
		0811BB322D2A361C00632B1F /* FirebaseDynamicLinks in Frameworks */ = {isa = PBXBuildFile; productRef = 0811BB312D2A361C00632B1F /* FirebaseDynamicLinks */; };
		0811BB342D2A362E00632B1F /* FirebaseDynamicLinks in Frameworks */ = {isa = PBXBuildFile; productRef = 0811BB332D2A362E00632B1F /* FirebaseDynamicLinks */; };
		0811BB362D2A363C00632B1F /* FirebaseDynamicLinks in Frameworks */ = {isa = PBXBuildFile; productRef = 0811BB352D2A363C00632B1F /* FirebaseDynamicLinks */; };
		0811BBA62D2C856400632B1F /* BranchSDK in Frameworks */ = {isa = PBXBuildFile; productRef = 0811BBA52D2C856400632B1F /* BranchSDK */; };
		0811BBA82D2C857300632B1F /* BranchSDK in Frameworks */ = {isa = PBXBuildFile; productRef = 0811BBA72D2C857300632B1F /* BranchSDK */; };
		0811BBAA2D2C858000632B1F /* BranchSDK in Frameworks */ = {isa = PBXBuildFile; productRef = 0811BBA92D2C858000632B1F /* BranchSDK */; };
		0811BBAC2D2CF54B00632B1F /* FirebaseFunctions in Frameworks */ = {isa = PBXBuildFile; productRef = 0811BBAB2D2CF54B00632B1F /* FirebaseFunctions */; };
		0811BBAE2D2CF55F00632B1F /* FirebaseFunctions in Frameworks */ = {isa = PBXBuildFile; productRef = 0811BBAD2D2CF55F00632B1F /* FirebaseFunctions */; };
		0811BBB02D2CF56E00632B1F /* FirebaseFunctions in Frameworks */ = {isa = PBXBuildFile; productRef = 0811BBAF2D2CF56E00632B1F /* FirebaseFunctions */; };
		083B0EE42D28FAE900B6286C /* RevenueCat in Frameworks */ = {isa = PBXBuildFile; productRef = 083B0EE32D28FAE900B6286C /* RevenueCat */; };
		083B0EE62D28FAFD00B6286C /* RevenueCat in Frameworks */ = {isa = PBXBuildFile; productRef = 083B0EE52D28FAFD00B6286C /* RevenueCat */; };
		083B0EE82D28FB0A00B6286C /* RevenueCat in Frameworks */ = {isa = PBXBuildFile; productRef = 083B0EE72D28FB0A00B6286C /* RevenueCat */; };
		083B0EF62D29F31700B6286C /* FirebaseAnalyticsOnDeviceConversion in Frameworks */ = {isa = PBXBuildFile; productRef = 083B0EF52D29F31700B6286C /* FirebaseAnalyticsOnDeviceConversion */; };
		083B0EF82D29F31700B6286C /* FirebaseAnalyticsWithoutAdIdSupport in Frameworks */ = {isa = PBXBuildFile; productRef = 083B0EF72D29F31700B6286C /* FirebaseAnalyticsWithoutAdIdSupport */; };
		083B0EFA2D29F31700B6286C /* FirebaseAppCheck in Frameworks */ = {isa = PBXBuildFile; productRef = 083B0EF92D29F31700B6286C /* FirebaseAppCheck */; };
		083B0EFC2D29F31700B6286C /* FirebaseAppDistribution-Beta in Frameworks */ = {isa = PBXBuildFile; productRef = 083B0EFB2D29F31700B6286C /* FirebaseAppDistribution-Beta */; };
		0857275C2D166634003A2746 /* FirebaseAnalytics in Frameworks */ = {isa = PBXBuildFile; productRef = 0857275B2D166634003A2746 /* FirebaseAnalytics */; };
		0857275E2D16665B003A2746 /* FirebaseAnalytics in Frameworks */ = {isa = PBXBuildFile; productRef = 0857275D2D16665B003A2746 /* FirebaseAnalytics */; };
		085727602D16666F003A2746 /* FirebaseAnalytics in Frameworks */ = {isa = PBXBuildFile; productRef = 0857275F2D16666F003A2746 /* FirebaseAnalytics */; };
		085727632D23486F003A2746 /* FirebaseAuth in Frameworks */ = {isa = PBXBuildFile; productRef = 085727622D23486F003A2746 /* FirebaseAuth */; };
		085727652D234877003A2746 /* FirebaseAuth in Frameworks */ = {isa = PBXBuildFile; productRef = 085727642D234877003A2746 /* FirebaseAuth */; };
		085727672D23487E003A2746 /* FirebaseAuth in Frameworks */ = {isa = PBXBuildFile; productRef = 085727662D23487E003A2746 /* FirebaseAuth */; };
		0857277C2D238A6D003A2746 /* GoogleSignIn in Frameworks */ = {isa = PBXBuildFile; productRef = 0857277B2D238A6D003A2746 /* GoogleSignIn */; };
		0857277E2D238A6D003A2746 /* GoogleSignInSwift in Frameworks */ = {isa = PBXBuildFile; productRef = 0857277D2D238A6D003A2746 /* GoogleSignInSwift */; };
		085727802D238AB0003A2746 /* GoogleSignIn in Frameworks */ = {isa = PBXBuildFile; productRef = 0857277F2D238AB0003A2746 /* GoogleSignIn */; };
		085727822D238AB0003A2746 /* GoogleSignInSwift in Frameworks */ = {isa = PBXBuildFile; productRef = 085727812D238AB0003A2746 /* GoogleSignInSwift */; };
		085727842D238AC5003A2746 /* GoogleSignIn in Frameworks */ = {isa = PBXBuildFile; productRef = 085727832D238AC5003A2746 /* GoogleSignIn */; };
		085727862D238AC5003A2746 /* GoogleSignInSwift in Frameworks */ = {isa = PBXBuildFile; productRef = 085727852D238AC5003A2746 /* GoogleSignInSwift */; };
		08B8F02A2D2FAE6A00CAC8DF /* FirebaseStorage in Frameworks */ = {isa = PBXBuildFile; productRef = 08B8F0292D2FAE6A00CAC8DF /* FirebaseStorage */; };
		08B8F02C2D2FAE7C00CAC8DF /* FirebaseStorage in Frameworks */ = {isa = PBXBuildFile; productRef = 08B8F02B2D2FAE7C00CAC8DF /* FirebaseStorage */; };
		08B8F02E2D2FAE8A00CAC8DF /* FirebaseStorage in Frameworks */ = {isa = PBXBuildFile; productRef = 08B8F02D2D2FAE8A00CAC8DF /* FirebaseStorage */; };
		08B8F0342D3321CD00CAC8DF /* Launch Screen.storyboard in Resources */ = {isa = PBXBuildFile; fileRef = 08B8F0332D3321CD00CAC8DF /* Launch Screen.storyboard */; };
		08B8F0352D3321CD00CAC8DF /* Launch Screen.storyboard in Resources */ = {isa = PBXBuildFile; fileRef = 08B8F0332D3321CD00CAC8DF /* Launch Screen.storyboard */; };
		08B8F0362D3321CD00CAC8DF /* Launch Screen.storyboard in Resources */ = {isa = PBXBuildFile; fileRef = 08B8F0332D3321CD00CAC8DF /* Launch Screen.storyboard */; };
/* End PBXBuildFile section */

/* Begin PBXContainerItemProxy section */
		081E4C022D054CAF00FCF44A /* PBXContainerItemProxy */ = {
			isa = PBXContainerItemProxy;
			containerPortal = 081E4BE92D054CAE00FCF44A /* Project object */;
			proxyType = 1;
			remoteGlobalIDString = 081E4BF02D054CAE00FCF44A;
			remoteInfo = "AgentGo! Vol 7";
		};
		081E4C0C2D054CAF00FCF44A /* PBXContainerItemProxy */ = {
			isa = PBXContainerItemProxy;
			containerPortal = 081E4BE92D054CAE00FCF44A /* Project object */;
			proxyType = 1;
			remoteGlobalIDString = 081E4BF02D054CAE00FCF44A;
			remoteInfo = "AgentGo! Vol 7";
		};
/* End PBXContainerItemProxy section */

/* Begin PBXFileReference section */
		081E4BF12D054CAE00FCF44A /* AgentGo! Vol 7.app */ = {isa = PBXFileReference; explicitFileType = wrapper.application; includeInIndex = 0; path = "AgentGo! Vol 7.app"; sourceTree = BUILT_PRODUCTS_DIR; };
		081E4C012D054CAF00FCF44A /* AgentGo! Vol 7Tests.xctest */ = {isa = PBXFileReference; explicitFileType = wrapper.cfbundle; includeInIndex = 0; path = "AgentGo! Vol 7Tests.xctest"; sourceTree = BUILT_PRODUCTS_DIR; };
		081E4C0B2D054CAF00FCF44A /* AgentGo! Vol 7UITests.xctest */ = {isa = PBXFileReference; explicitFileType = wrapper.cfbundle; includeInIndex = 0; path = "AgentGo! Vol 7UITests.xctest"; sourceTree = BUILT_PRODUCTS_DIR; };
		08B8F0332D3321CD00CAC8DF /* Launch Screen.storyboard */ = {isa = PBXFileReference; lastKnownFileType = file.storyboard; path = "Launch Screen.storyboard"; sourceTree = "<group>"; };
/* End PBXFileReference section */

/* Begin PBXFileSystemSynchronizedBuildFileExceptionSet section */
		085727872D238DF8003A2746 /* Exceptions for "AgentGo! Vol 7" folder in "AgentGo! Vol 7" target */ = {
			isa = PBXFileSystemSynchronizedBuildFileExceptionSet;
			membershipExceptions = (
				Info.plist,
			);
			target = 081E4BF02D054CAE00FCF44A /* AgentGo! Vol 7 */;
		};
/* End PBXFileSystemSynchronizedBuildFileExceptionSet section */

/* Begin PBXFileSystemSynchronizedRootGroup section */
		081E4BF32D054CAE00FCF44A /* AgentGo! Vol 7 */ = {
			isa = PBXFileSystemSynchronizedRootGroup;
			exceptions = (
				085727872D238DF8003A2746 /* Exceptions for "AgentGo! Vol 7" folder in "AgentGo! Vol 7" target */,
			);
			path = "AgentGo! Vol 7";
			sourceTree = "<group>";
		};
		081E4C042D054CAF00FCF44A /* AgentGo! Vol 7Tests */ = {
			isa = PBXFileSystemSynchronizedRootGroup;
			path = "AgentGo! Vol 7Tests";
			sourceTree = "<group>";
		};
		081E4C0E2D054CAF00FCF44A /* AgentGo! Vol 7UITests */ = {
			isa = PBXFileSystemSynchronizedRootGroup;
			path = "AgentGo! Vol 7UITests";
			sourceTree = "<group>";
		};
/* End PBXFileSystemSynchronizedRootGroup section */

/* Begin PBXFrameworksBuildPhase section */
		081E4BEE2D054CAE00FCF44A /* Frameworks */ = {
			isa = PBXFrameworksBuildPhase;
			buildActionMask = 2147483647;
			files = (
				083B0EFA2D29F31700B6286C /* FirebaseAppCheck in Frameworks */,
				0811BBAE2D2CF55F00632B1F /* FirebaseFunctions in Frameworks */,
				0811BB322D2A361C00632B1F /* FirebaseDynamicLinks in Frameworks */,
				0857275C2D166634003A2746 /* FirebaseAnalytics in Frameworks */,
				083B0EF62D29F31700B6286C /* FirebaseAnalyticsOnDeviceConversion in Frameworks */,
				0811BB2A2D2A31A800632B1F /* FirebaseFirestore in Frameworks */,
				085727632D23486F003A2746 /* FirebaseAuth in Frameworks */,
				083B0EE42D28FAE900B6286C /* RevenueCat in Frameworks */,
				08B8F02A2D2FAE6A00CAC8DF /* FirebaseStorage in Frameworks */,
				083B0EF82D29F31700B6286C /* FirebaseAnalyticsWithoutAdIdSupport in Frameworks */,
				0857277C2D238A6D003A2746 /* GoogleSignIn in Frameworks */,
				0811BBAC2D2CF54B00632B1F /* FirebaseFunctions in Frameworks */,
				0811BBA62D2C856400632B1F /* BranchSDK in Frameworks */,
				0857277E2D238A6D003A2746 /* GoogleSignInSwift in Frameworks */,
				083B0EFC2D29F31700B6286C /* FirebaseAppDistribution-Beta in Frameworks */,
			);
			runOnlyForDeploymentPostprocessing = 0;
		};
		081E4BFE2D054CAF00FCF44A /* Frameworks */ = {
			isa = PBXFrameworksBuildPhase;
			buildActionMask = 2147483647;
			files = (
				0857275E2D16665B003A2746 /* FirebaseAnalytics in Frameworks */,
				0811BBA82D2C857300632B1F /* BranchSDK in Frameworks */,
				085727652D234877003A2746 /* FirebaseAuth in Frameworks */,
				08B8F02C2D2FAE7C00CAC8DF /* FirebaseStorage in Frameworks */,
				0811BBB02D2CF56E00632B1F /* FirebaseFunctions in Frameworks */,
				083B0EE62D28FAFD00B6286C /* RevenueCat in Frameworks */,
				085727802D238AB0003A2746 /* GoogleSignIn in Frameworks */,
				085727822D238AB0003A2746 /* GoogleSignInSwift in Frameworks */,
				0811BB342D2A362E00632B1F /* FirebaseDynamicLinks in Frameworks */,
				0811BB2C2D2A31BF00632B1F /* FirebaseFirestore in Frameworks */,
			);
			runOnlyForDeploymentPostprocessing = 0;
		};
		081E4C082D054CAF00FCF44A /* Frameworks */ = {
			isa = PBXFrameworksBuildPhase;
			buildActionMask = 2147483647;
			files = (
				085727602D16666F003A2746 /* FirebaseAnalytics in Frameworks */,
				0811BBAA2D2C858000632B1F /* BranchSDK in Frameworks */,
				08B8F02E2D2FAE8A00CAC8DF /* FirebaseStorage in Frameworks */,
				085727672D23487E003A2746 /* FirebaseAuth in Frameworks */,
				083B0EE82D28FB0A00B6286C /* RevenueCat in Frameworks */,
				085727842D238AC5003A2746 /* GoogleSignIn in Frameworks */,
				085727862D238AC5003A2746 /* GoogleSignInSwift in Frameworks */,
				0811BB362D2A363C00632B1F /* FirebaseDynamicLinks in Frameworks */,
				0811BB2E2D2A31CE00632B1F /* FirebaseFirestore in Frameworks */,
			);
			runOnlyForDeploymentPostprocessing = 0;
		};
/* End PBXFrameworksBuildPhase section */

/* Begin PBXGroup section */
		081E4BE82D054CAE00FCF44A = {
			isa = PBXGroup;
			children = (
				08B8F0332D3321CD00CAC8DF /* Launch Screen.storyboard */,
				081E4BF32D054CAE00FCF44A /* AgentGo! Vol 7 */,
				081E4C042D054CAF00FCF44A /* AgentGo! Vol 7Tests */,
				081E4C0E2D054CAF00FCF44A /* AgentGo! Vol 7UITests */,
				085727612D23486F003A2746 /* Frameworks */,
				081E4BF22D054CAE00FCF44A /* Products */,
			);
			sourceTree = "<group>";
		};
		081E4BF22D054CAE00FCF44A /* Products */ = {
			isa = PBXGroup;
			children = (
				081E4BF12D054CAE00FCF44A /* AgentGo! Vol 7.app */,
				081E4C012D054CAF00FCF44A /* AgentGo! Vol 7Tests.xctest */,
				081E4C0B2D054CAF00FCF44A /* AgentGo! Vol 7UITests.xctest */,
			);
			name = Products;
			sourceTree = "<group>";
		};
		085727612D23486F003A2746 /* Frameworks */ = {
			isa = PBXGroup;
			children = (
			);
			name = Frameworks;
			sourceTree = "<group>";
		};
/* End PBXGroup section */

/* Begin PBXNativeTarget section */
		081E4BF02D054CAE00FCF44A /* AgentGo! Vol 7 */ = {
			isa = PBXNativeTarget;
			buildConfigurationList = 081E4C152D054CAF00FCF44A /* Build configuration list for PBXNativeTarget "AgentGo! Vol 7" */;
			buildPhases = (
				081E4BED2D054CAE00FCF44A /* Sources */,
				081E4BEE2D054CAE00FCF44A /* Frameworks */,
				081E4BEF2D054CAE00FCF44A /* Resources */,
			);
			buildRules = (
			);
			dependencies = (
			);
			fileSystemSynchronizedGroups = (
				081E4BF32D054CAE00FCF44A /* AgentGo! Vol 7 */,
			);
			name = "AgentGo! Vol 7";
			packageProductDependencies = (
				0857275B2D166634003A2746 /* FirebaseAnalytics */,
				085727622D23486F003A2746 /* FirebaseAuth */,
				0857277B2D238A6D003A2746 /* GoogleSignIn */,
				0857277D2D238A6D003A2746 /* GoogleSignInSwift */,
				083B0EE32D28FAE900B6286C /* RevenueCat */,
				083B0EF52D29F31700B6286C /* FirebaseAnalyticsOnDeviceConversion */,
				083B0EF72D29F31700B6286C /* FirebaseAnalyticsWithoutAdIdSupport */,
				083B0EF92D29F31700B6286C /* FirebaseAppCheck */,
				083B0EFB2D29F31700B6286C /* FirebaseAppDistribution-Beta */,
				0811BB292D2A31A800632B1F /* FirebaseFirestore */,
				0811BB312D2A361C00632B1F /* FirebaseDynamicLinks */,
				0811BBA52D2C856400632B1F /* BranchSDK */,
				0811BBAB2D2CF54B00632B1F /* FirebaseFunctions */,
				0811BBAD2D2CF55F00632B1F /* FirebaseFunctions */,
				08B8F0292D2FAE6A00CAC8DF /* FirebaseStorage */,
			);
			productName = "AgentGo! Vol 7";
			productReference = 081E4BF12D054CAE00FCF44A /* AgentGo! Vol 7.app */;
			productType = "com.apple.product-type.application";
		};
		081E4C002D054CAF00FCF44A /* AgentGo! Vol 7Tests */ = {
			isa = PBXNativeTarget;
			buildConfigurationList = 081E4C182D054CAF00FCF44A /* Build configuration list for PBXNativeTarget "AgentGo! Vol 7Tests" */;
			buildPhases = (
				081E4BFD2D054CAF00FCF44A /* Sources */,
				081E4BFE2D054CAF00FCF44A /* Frameworks */,
				081E4BFF2D054CAF00FCF44A /* Resources */,
			);
			buildRules = (
			);
			dependencies = (
				081E4C032D054CAF00FCF44A /* PBXTargetDependency */,
			);
			fileSystemSynchronizedGroups = (
				081E4C042D054CAF00FCF44A /* AgentGo! Vol 7Tests */,
			);
			name = "AgentGo! Vol 7Tests";
			packageProductDependencies = (
				0857275D2D16665B003A2746 /* FirebaseAnalytics */,
				085727642D234877003A2746 /* FirebaseAuth */,
				0857277F2D238AB0003A2746 /* GoogleSignIn */,
				085727812D238AB0003A2746 /* GoogleSignInSwift */,
				083B0EE52D28FAFD00B6286C /* RevenueCat */,
				0811BB2B2D2A31BF00632B1F /* FirebaseFirestore */,
				0811BB332D2A362E00632B1F /* FirebaseDynamicLinks */,
				0811BBA72D2C857300632B1F /* BranchSDK */,
				0811BBAF2D2CF56E00632B1F /* FirebaseFunctions */,
				08B8F02B2D2FAE7C00CAC8DF /* FirebaseStorage */,
			);
			productName = "AgentGo! Vol 7Tests";
			productReference = 081E4C012D054CAF00FCF44A /* AgentGo! Vol 7Tests.xctest */;
			productType = "com.apple.product-type.bundle.unit-test";
		};
		081E4C0A2D054CAF00FCF44A /* AgentGo! Vol 7UITests */ = {
			isa = PBXNativeTarget;
			buildConfigurationList = 081E4C1B2D054CAF00FCF44A /* Build configuration list for PBXNativeTarget "AgentGo! Vol 7UITests" */;
			buildPhases = (
				081E4C072D054CAF00FCF44A /* Sources */,
				081E4C082D054CAF00FCF44A /* Frameworks */,
				081E4C092D054CAF00FCF44A /* Resources */,
			);
			buildRules = (
			);
			dependencies = (
				081E4C0D2D054CAF00FCF44A /* PBXTargetDependency */,
			);
			fileSystemSynchronizedGroups = (
				081E4C0E2D054CAF00FCF44A /* AgentGo! Vol 7UITests */,
			);
			name = "AgentGo! Vol 7UITests";
			packageProductDependencies = (
				0857275F2D16666F003A2746 /* FirebaseAnalytics */,
				085727662D23487E003A2746 /* FirebaseAuth */,
				085727832D238AC5003A2746 /* GoogleSignIn */,
				085727852D238AC5003A2746 /* GoogleSignInSwift */,
				083B0EE72D28FB0A00B6286C /* RevenueCat */,
				0811BB2D2D2A31CE00632B1F /* FirebaseFirestore */,
				0811BB352D2A363C00632B1F /* FirebaseDynamicLinks */,
				0811BBA92D2C858000632B1F /* BranchSDK */,
				08B8F02D2D2FAE8A00CAC8DF /* FirebaseStorage */,
			);
			productName = "AgentGo! Vol 7UITests";
			productReference = 081E4C0B2D054CAF00FCF44A /* AgentGo! Vol 7UITests.xctest */;
			productType = "com.apple.product-type.bundle.ui-testing";
		};
/* End PBXNativeTarget section */

/* Begin PBXProject section */
		081E4BE92D054CAE00FCF44A /* Project object */ = {
			isa = PBXProject;
			attributes = {
				BuildIndependentTargetsInParallel = 1;
				LastSwiftUpdateCheck = 1610;
				LastUpgradeCheck = 1610;
				TargetAttributes = {
					081E4BF02D054CAE00FCF44A = {
						CreatedOnToolsVersion = 16.1;
					};
					081E4C002D054CAF00FCF44A = {
						CreatedOnToolsVersion = 16.1;
						TestTargetID = 081E4BF02D054CAE00FCF44A;
					};
					081E4C0A2D054CAF00FCF44A = {
						CreatedOnToolsVersion = 16.1;
						TestTargetID = 081E4BF02D054CAE00FCF44A;
					};
				};
			};
			buildConfigurationList = 081E4BEC2D054CAE00FCF44A /* Build configuration list for PBXProject "AgentGo! Vol 7" */;
			developmentRegion = en;
			hasScannedForEncodings = 0;
			knownRegions = (
				en,
				Base,
			);
			mainGroup = 081E4BE82D054CAE00FCF44A;
			minimizedProjectReferenceProxies = 1;
			packageReferences = (
				0857275A2D166634003A2746 /* XCRemoteSwiftPackageReference "firebase-ios-sdk" */,
				0857277A2D238A6D003A2746 /* XCRemoteSwiftPackageReference "GoogleSignIn-iOS" */,
				083B0EE22D28FAE900B6286C /* XCRemoteSwiftPackageReference "purchases-ios" */,
				0811BBA42D2C856400632B1F /* XCRemoteSwiftPackageReference "ios-branch-sdk-spm" */,
			);
			preferredProjectObjectVersion = 77;
			productRefGroup = 081E4BF22D054CAE00FCF44A /* Products */;
			projectDirPath = "";
			projectRoot = "";
			targets = (
				081E4BF02D054CAE00FCF44A /* AgentGo! Vol 7 */,
				081E4C002D054CAF00FCF44A /* AgentGo! Vol 7Tests */,
				081E4C0A2D054CAF00FCF44A /* AgentGo! Vol 7UITests */,
			);
		};
/* End PBXProject section */

/* Begin PBXResourcesBuildPhase section */
		081E4BEF2D054CAE00FCF44A /* Resources */ = {
			isa = PBXResourcesBuildPhase;
			buildActionMask = 2147483647;
			files = (
				08B8F0342D3321CD00CAC8DF /* Launch Screen.storyboard in Resources */,
			);
			runOnlyForDeploymentPostprocessing = 0;
		};
		081E4BFF2D054CAF00FCF44A /* Resources */ = {
			isa = PBXResourcesBuildPhase;
			buildActionMask = 2147483647;
			files = (
				08B8F0352D3321CD00CAC8DF /* Launch Screen.storyboard in Resources */,
			);
			runOnlyForDeploymentPostprocessing = 0;
		};
		081E4C092D054CAF00FCF44A /* Resources */ = {
			isa = PBXResourcesBuildPhase;
			buildActionMask = 2147483647;
			files = (
				08B8F0362D3321CD00CAC8DF /* Launch Screen.storyboard in Resources */,
			);
			runOnlyForDeploymentPostprocessing = 0;
		};
/* End PBXResourcesBuildPhase section */

/* Begin PBXSourcesBuildPhase section */
		081E4BED2D054CAE00FCF44A /* Sources */ = {
			isa = PBXSourcesBuildPhase;
			buildActionMask = 2147483647;
			files = (
			);
			runOnlyForDeploymentPostprocessing = 0;
		};
		081E4BFD2D054CAF00FCF44A /* Sources */ = {
			isa = PBXSourcesBuildPhase;
			buildActionMask = 2147483647;
			files = (
			);
			runOnlyForDeploymentPostprocessing = 0;
		};
		081E4C072D054CAF00FCF44A /* Sources */ = {
			isa = PBXSourcesBuildPhase;
			buildActionMask = 2147483647;
			files = (
			);
			runOnlyForDeploymentPostprocessing = 0;
		};
/* End PBXSourcesBuildPhase section */

/* Begin PBXTargetDependency section */
		081E4C032D054CAF00FCF44A /* PBXTargetDependency */ = {
			isa = PBXTargetDependency;
			target = 081E4BF02D054CAE00FCF44A /* AgentGo! Vol 7 */;
			targetProxy = 081E4C022D054CAF00FCF44A /* PBXContainerItemProxy */;
		};
		081E4C0D2D054CAF00FCF44A /* PBXTargetDependency */ = {
			isa = PBXTargetDependency;
			target = 081E4BF02D054CAE00FCF44A /* AgentGo! Vol 7 */;
			targetProxy = 081E4C0C2D054CAF00FCF44A /* PBXContainerItemProxy */;
		};
/* End PBXTargetDependency section */

/* Begin XCBuildConfiguration section */
		081E4C132D054CAF00FCF44A /* Debug */ = {
			isa = XCBuildConfiguration;
			buildSettings = {
				ALWAYS_SEARCH_USER_PATHS = NO;
				ASSETCATALOG_COMPILER_GENERATE_SWIFT_ASSET_SYMBOL_EXTENSIONS = YES;
				CLANG_ANALYZER_NONNULL = YES;
				CLANG_ANALYZER_NUMBER_OBJECT_CONVERSION = YES_AGGRESSIVE;
				CLANG_CXX_LANGUAGE_STANDARD = "gnu++20";
				CLANG_ENABLE_MODULES = YES;
				CLANG_ENABLE_OBJC_ARC = YES;
				CLANG_ENABLE_OBJC_WEAK = YES;
				CLANG_WARN_BLOCK_CAPTURE_AUTORELEASING = YES;
				CLANG_WARN_BOOL_CONVERSION = YES;
				CLANG_WARN_COMMA = YES;
				CLANG_WARN_CONSTANT_CONVERSION = YES;
				CLANG_WARN_DEPRECATED_OBJC_IMPLEMENTATIONS = YES;
				CLANG_WARN_DIRECT_OBJC_ISA_USAGE = YES_ERROR;
				CLANG_WARN_DOCUMENTATION_COMMENTS = YES;
				CLANG_WARN_EMPTY_BODY = YES;
				CLANG_WARN_ENUM_CONVERSION = YES;
				CLANG_WARN_INFINITE_RECURSION = YES;
				CLANG_WARN_INT_CONVERSION = YES;
				CLANG_WARN_NON_LITERAL_NULL_CONVERSION = YES;
				CLANG_WARN_OBJC_IMPLICIT_RETAIN_SELF = YES;
				CLANG_WARN_OBJC_LITERAL_CONVERSION = YES;
				CLANG_WARN_OBJC_ROOT_CLASS = YES_ERROR;
				CLANG_WARN_QUOTED_INCLUDE_IN_FRAMEWORK_HEADER = YES;
				CLANG_WARN_RANGE_LOOP_ANALYSIS = YES;
				CLANG_WARN_STRICT_PROTOTYPES = YES;
				CLANG_WARN_SUSPICIOUS_MOVE = YES;
				CLANG_WARN_UNGUARDED_AVAILABILITY = YES_AGGRESSIVE;
				CLANG_WARN_UNREACHABLE_CODE = YES;
				CLANG_WARN__DUPLICATE_METHOD_MATCH = YES;
				COPY_PHASE_STRIP = NO;
				DEBUG_INFORMATION_FORMAT = dwarf;
				ENABLE_STRICT_OBJC_MSGSEND = YES;
				ENABLE_TESTABILITY = YES;
				ENABLE_USER_SCRIPT_SANDBOXING = YES;
				GCC_C_LANGUAGE_STANDARD = gnu17;
				GCC_DYNAMIC_NO_PIC = NO;
				GCC_NO_COMMON_BLOCKS = YES;
				GCC_OPTIMIZATION_LEVEL = 0;
				GCC_PREPROCESSOR_DEFINITIONS = (
					"DEBUG=1",
					"$(inherited)",
				);
				GCC_WARN_64_TO_32_BIT_CONVERSION = YES;
				GCC_WARN_ABOUT_RETURN_TYPE = YES_ERROR;
				GCC_WARN_UNDECLARED_SELECTOR = YES;
				GCC_WARN_UNINITIALIZED_AUTOS = YES_AGGRESSIVE;
				GCC_WARN_UNUSED_FUNCTION = YES;
				GCC_WARN_UNUSED_VARIABLE = YES;
				IPHONEOS_DEPLOYMENT_TARGET = 18.1;
				LOCALIZATION_PREFERS_STRING_CATALOGS = YES;
				MTL_ENABLE_DEBUG_INFO = INCLUDE_SOURCE;
				MTL_FAST_MATH = YES;
				ONLY_ACTIVE_ARCH = YES;
				SDKROOT = iphoneos;
				SWIFT_ACTIVE_COMPILATION_CONDITIONS = "DEBUG $(inherited)";
				SWIFT_OPTIMIZATION_LEVEL = "-Onone";
			};
			name = Debug;
		};
		081E4C142D054CAF00FCF44A /* Release */ = {
			isa = XCBuildConfiguration;
			buildSettings = {
				ALWAYS_SEARCH_USER_PATHS = NO;
				ASSETCATALOG_COMPILER_GENERATE_SWIFT_ASSET_SYMBOL_EXTENSIONS = YES;
				CLANG_ANALYZER_NONNULL = YES;
				CLANG_ANALYZER_NUMBER_OBJECT_CONVERSION = YES_AGGRESSIVE;
				CLANG_CXX_LANGUAGE_STANDARD = "gnu++20";
				CLANG_ENABLE_MODULES = YES;
				CLANG_ENABLE_OBJC_ARC = YES;
				CLANG_ENABLE_OBJC_WEAK = YES;
				CLANG_WARN_BLOCK_CAPTURE_AUTORELEASING = YES;
				CLANG_WARN_BOOL_CONVERSION = YES;
				CLANG_WARN_COMMA = YES;
				CLANG_WARN_CONSTANT_CONVERSION = YES;
				CLANG_WARN_DEPRECATED_OBJC_IMPLEMENTATIONS = YES;
				CLANG_WARN_DIRECT_OBJC_ISA_USAGE = YES_ERROR;
				CLANG_WARN_DOCUMENTATION_COMMENTS = YES;
				CLANG_WARN_EMPTY_BODY = YES;
				CLANG_WARN_ENUM_CONVERSION = YES;
				CLANG_WARN_INFINITE_RECURSION = YES;
				CLANG_WARN_INT_CONVERSION = YES;
				CLANG_WARN_NON_LITERAL_NULL_CONVERSION = YES;
				CLANG_WARN_OBJC_IMPLICIT_RETAIN_SELF = YES;
				CLANG_WARN_OBJC_LITERAL_CONVERSION = YES;
				CLANG_WARN_OBJC_ROOT_CLASS = YES_ERROR;
				CLANG_WARN_QUOTED_INCLUDE_IN_FRAMEWORK_HEADER = YES;
				CLANG_WARN_RANGE_LOOP_ANALYSIS = YES;
				CLANG_WARN_STRICT_PROTOTYPES = YES;
				CLANG_WARN_SUSPICIOUS_MOVE = YES;
				CLANG_WARN_UNGUARDED_AVAILABILITY = YES_AGGRESSIVE;
				CLANG_WARN_UNREACHABLE_CODE = YES;
				CLANG_WARN__DUPLICATE_METHOD_MATCH = YES;
				COPY_PHASE_STRIP = NO;
				DEBUG_INFORMATION_FORMAT = "dwarf-with-dsym";
				ENABLE_NS_ASSERTIONS = NO;
				ENABLE_STRICT_OBJC_MSGSEND = YES;
				ENABLE_USER_SCRIPT_SANDBOXING = YES;
				GCC_C_LANGUAGE_STANDARD = gnu17;
				GCC_NO_COMMON_BLOCKS = YES;
				GCC_WARN_64_TO_32_BIT_CONVERSION = YES;
				GCC_WARN_ABOUT_RETURN_TYPE = YES_ERROR;
				GCC_WARN_UNDECLARED_SELECTOR = YES;
				GCC_WARN_UNINITIALIZED_AUTOS = YES_AGGRESSIVE;
				GCC_WARN_UNUSED_FUNCTION = YES;
				GCC_WARN_UNUSED_VARIABLE = YES;
				IPHONEOS_DEPLOYMENT_TARGET = 18.1;
				LOCALIZATION_PREFERS_STRING_CATALOGS = YES;
				MTL_ENABLE_DEBUG_INFO = NO;
				MTL_FAST_MATH = YES;
				SDKROOT = iphoneos;
				SWIFT_COMPILATION_MODE = wholemodule;
				VALIDATE_PRODUCT = YES;
			};
			name = Release;
		};
		081E4C162D054CAF00FCF44A /* Debug */ = {
			isa = XCBuildConfiguration;
			buildSettings = {
				ASSETCATALOG_COMPILER_APPICON_NAME = AppIcon;
				ASSETCATALOG_COMPILER_GLOBAL_ACCENT_COLOR_NAME = AccentColor;
				CODE_SIGN_ENTITLEMENTS = "AgentGo! Vol 7/AgentGo! Vol 7.entitlements";
				CODE_SIGN_STYLE = Automatic;
				CURRENT_PROJECT_VERSION = 1;
				DEVELOPMENT_ASSET_PATHS = "\"AgentGo! Vol 7/Preview Content\"";
				DEVELOPMENT_TEAM = 9FJZGD5XN6;
				ENABLE_PREVIEWS = YES;
				GENERATE_INFOPLIST_FILE = YES;
				INFOPLIST_KEY_CFBundleDisplayName = AgentGo;
				INFOPLIST_KEY_LSApplicationCategoryType = "public.app-category.business";
				INFOPLIST_KEY_UIApplicationSceneManifest_Generation = YES;
				INFOPLIST_KEY_UIApplicationSupportsIndirectInputEvents = YES;
				INFOPLIST_KEY_UILaunchScreen_Generation = YES;
				INFOPLIST_KEY_UISupportedInterfaceOrientations = UIInterfaceOrientationPortrait;
				LD_RUNPATH_SEARCH_PATHS = (
					"$(inherited)",
					"@executable_path/Frameworks",
				);
				MARKETING_VERSION = 1.0;
				PRODUCT_BUNDLE_IDENTIFIER = com.AgentGo.App;
				PRODUCT_NAME = "$(TARGET_NAME)";
				SWIFT_EMIT_LOC_STRINGS = YES;
				SWIFT_VERSION = 5.0;
				TARGETED_DEVICE_FAMILY = "1,2";
			};
			name = Debug;
		};
		081E4C172D054CAF00FCF44A /* Release */ = {
			isa = XCBuildConfiguration;
			buildSettings = {
				ASSETCATALOG_COMPILER_APPICON_NAME = AppIcon;
				ASSETCATALOG_COMPILER_GLOBAL_ACCENT_COLOR_NAME = AccentColor;
				CODE_SIGN_ENTITLEMENTS = "AgentGo! Vol 7/AgentGo! Vol 7.entitlements";
				CODE_SIGN_STYLE = Automatic;
				CURRENT_PROJECT_VERSION = 1;
				DEVELOPMENT_ASSET_PATHS = "\"AgentGo! Vol 7/Preview Content\"";
				DEVELOPMENT_TEAM = 9FJZGD5XN6;
				ENABLE_PREVIEWS = YES;
				GENERATE_INFOPLIST_FILE = YES;
				INFOPLIST_KEY_CFBundleDisplayName = AgentGo;
				INFOPLIST_KEY_LSApplicationCategoryType = "public.app-category.business";
				INFOPLIST_KEY_UIApplicationSceneManifest_Generation = YES;
				INFOPLIST_KEY_UIApplicationSupportsIndirectInputEvents = YES;
				INFOPLIST_KEY_UILaunchScreen_Generation = YES;
				INFOPLIST_KEY_UISupportedInterfaceOrientations = UIInterfaceOrientationPortrait;
				LD_RUNPATH_SEARCH_PATHS = (
					"$(inherited)",
					"@executable_path/Frameworks",
				);
				MARKETING_VERSION = 1.0;
				PRODUCT_BUNDLE_IDENTIFIER = com.AgentGo.App;
				PRODUCT_NAME = "$(TARGET_NAME)";
				SWIFT_EMIT_LOC_STRINGS = YES;
				SWIFT_VERSION = 5.0;
				TARGETED_DEVICE_FAMILY = "1,2";
			};
			name = Release;
		};
		081E4C192D054CAF00FCF44A /* Debug */ = {
			isa = XCBuildConfiguration;
			buildSettings = {
				BUNDLE_LOADER = "$(TEST_HOST)";
				CODE_SIGN_STYLE = Automatic;
				CURRENT_PROJECT_VERSION = 1;
				DEVELOPMENT_TEAM = 9FJZGD5XN6;
				GENERATE_INFOPLIST_FILE = YES;
				IPHONEOS_DEPLOYMENT_TARGET = 18.1;
				MARKETING_VERSION = 1.0;
				PRODUCT_BUNDLE_IDENTIFIER = com.AgentGo.AppTests;
				PRODUCT_NAME = "$(TARGET_NAME)";
				SWIFT_EMIT_LOC_STRINGS = NO;
				SWIFT_VERSION = 5.0;
				TARGETED_DEVICE_FAMILY = "1,2";
				TEST_HOST = "$(BUILT_PRODUCTS_DIR)/AgentGo! Vol 7.app/$(BUNDLE_EXECUTABLE_FOLDER_PATH)/AgentGo! Vol 7";
			};
			name = Debug;
		};
		081E4C1A2D054CAF00FCF44A /* Release */ = {
			isa = XCBuildConfiguration;
			buildSettings = {
				BUNDLE_LOADER = "$(TEST_HOST)";
				CODE_SIGN_STYLE = Automatic;
				CURRENT_PROJECT_VERSION = 1;
				DEVELOPMENT_TEAM = 9FJZGD5XN6;
				GENERATE_INFOPLIST_FILE = YES;
				IPHONEOS_DEPLOYMENT_TARGET = 18.1;
				MARKETING_VERSION = 1.0;
				PRODUCT_BUNDLE_IDENTIFIER = com.AgentGo.AppTests;
				PRODUCT_NAME = "$(TARGET_NAME)";
				SWIFT_EMIT_LOC_STRINGS = NO;
				SWIFT_VERSION = 5.0;
				TARGETED_DEVICE_FAMILY = "1,2";
				TEST_HOST = "$(BUILT_PRODUCTS_DIR)/AgentGo! Vol 7.app/$(BUNDLE_EXECUTABLE_FOLDER_PATH)/AgentGo! Vol 7";
			};
			name = Release;
		};
		081E4C1C2D054CAF00FCF44A /* Debug */ = {
			isa = XCBuildConfiguration;
			buildSettings = {
				CODE_SIGN_STYLE = Automatic;
				CURRENT_PROJECT_VERSION = 1;
				DEVELOPMENT_TEAM = 9FJZGD5XN6;
				GENERATE_INFOPLIST_FILE = YES;
				MARKETING_VERSION = 1.0;
				PRODUCT_BUNDLE_IDENTIFIER = com.AgentGo.AppUITests;
				PRODUCT_NAME = "$(TARGET_NAME)";
				SWIFT_EMIT_LOC_STRINGS = NO;
				SWIFT_VERSION = 5.0;
				TARGETED_DEVICE_FAMILY = "1,2";
				TEST_TARGET_NAME = "AgentGo! Vol 7";
			};
			name = Debug;
		};
		081E4C1D2D054CAF00FCF44A /* Release */ = {
			isa = XCBuildConfiguration;
			buildSettings = {
				CODE_SIGN_STYLE = Automatic;
				CURRENT_PROJECT_VERSION = 1;
				DEVELOPMENT_TEAM = 9FJZGD5XN6;
				GENERATE_INFOPLIST_FILE = YES;
				MARKETING_VERSION = 1.0;
				PRODUCT_BUNDLE_IDENTIFIER = com.AgentGo.AppUITests;
				PRODUCT_NAME = "$(TARGET_NAME)";
				SWIFT_EMIT_LOC_STRINGS = NO;
				SWIFT_VERSION = 5.0;
				TARGETED_DEVICE_FAMILY = "1,2";
				TEST_TARGET_NAME = "AgentGo! Vol 7";
			};
			name = Release;
		};
/* End XCBuildConfiguration section */

/* Begin XCConfigurationList section */
		081E4BEC2D054CAE00FCF44A /* Build configuration list for PBXProject "AgentGo! Vol 7" */ = {
			isa = XCConfigurationList;
			buildConfigurations = (
				081E4C132D054CAF00FCF44A /* Debug */,
				081E4C142D054CAF00FCF44A /* Release */,
			);
			defaultConfigurationIsVisible = 0;
			defaultConfigurationName = Release;
		};
		081E4C152D054CAF00FCF44A /* Build configuration list for PBXNativeTarget "AgentGo! Vol 7" */ = {
			isa = XCConfigurationList;
			buildConfigurations = (
				081E4C162D054CAF00FCF44A /* Debug */,
				081E4C172D054CAF00FCF44A /* Release */,
			);
			defaultConfigurationIsVisible = 0;
			defaultConfigurationName = Release;
		};
		081E4C182D054CAF00FCF44A /* Build configuration list for PBXNativeTarget "AgentGo! Vol 7Tests" */ = {
			isa = XCConfigurationList;
			buildConfigurations = (
				081E4C192D054CAF00FCF44A /* Debug */,
				081E4C1A2D054CAF00FCF44A /* Release */,
			);
			defaultConfigurationIsVisible = 0;
			defaultConfigurationName = Release;
		};
		081E4C1B2D054CAF00FCF44A /* Build configuration list for PBXNativeTarget "AgentGo! Vol 7UITests" */ = {
			isa = XCConfigurationList;
			buildConfigurations = (
				081E4C1C2D054CAF00FCF44A /* Debug */,
				081E4C1D2D054CAF00FCF44A /* Release */,
			);
			defaultConfigurationIsVisible = 0;
			defaultConfigurationName = Release;
		};
/* End XCConfigurationList section */

/* Begin XCRemoteSwiftPackageReference section */
		0811BBA42D2C856400632B1F /* XCRemoteSwiftPackageReference "ios-branch-sdk-spm" */ = {
			isa = XCRemoteSwiftPackageReference;
			repositoryURL = "https://github.com/BranchMetrics/ios-branch-sdk-spm";
			requirement = {
				kind = upToNextMajorVersion;
				minimumVersion = 3.7.0;
			};
		};
		083B0EE22D28FAE900B6286C /* XCRemoteSwiftPackageReference "purchases-ios" */ = {
			isa = XCRemoteSwiftPackageReference;
			repositoryURL = "https://github.com/RevenueCat/purchases-ios";
			requirement = {
				kind = upToNextMajorVersion;
				minimumVersion = 5.14.5;
			};
		};
		0857275A2D166634003A2746 /* XCRemoteSwiftPackageReference "firebase-ios-sdk" */ = {
			isa = XCRemoteSwiftPackageReference;
			repositoryURL = "https://github.com/firebase/firebase-ios-sdk";
			requirement = {
				kind = upToNextMajorVersion;
				minimumVersion = 11.6.0;
			};
		};
		0857277A2D238A6D003A2746 /* XCRemoteSwiftPackageReference "GoogleSignIn-iOS" */ = {
			isa = XCRemoteSwiftPackageReference;
			repositoryURL = "https://github.com/google/GoogleSignIn-iOS.git";
			requirement = {
				kind = upToNextMajorVersion;
				minimumVersion = 8.0.0;
			};
		};
/* End XCRemoteSwiftPackageReference section */

/* Begin XCSwiftPackageProductDependency section */
		0811BB292D2A31A800632B1F /* FirebaseFirestore */ = {
			isa = XCSwiftPackageProductDependency;
			package = 0857275A2D166634003A2746 /* XCRemoteSwiftPackageReference "firebase-ios-sdk" */;
			productName = FirebaseFirestore;
		};
		0811BB2B2D2A31BF00632B1F /* FirebaseFirestore */ = {
			isa = XCSwiftPackageProductDependency;
			package = 0857275A2D166634003A2746 /* XCRemoteSwiftPackageReference "firebase-ios-sdk" */;
			productName = FirebaseFirestore;
		};
		0811BB2D2D2A31CE00632B1F /* FirebaseFirestore */ = {
			isa = XCSwiftPackageProductDependency;
			package = 0857275A2D166634003A2746 /* XCRemoteSwiftPackageReference "firebase-ios-sdk" */;
			productName = FirebaseFirestore;
		};
		0811BB312D2A361C00632B1F /* FirebaseDynamicLinks */ = {
			isa = XCSwiftPackageProductDependency;
			package = 0857275A2D166634003A2746 /* XCRemoteSwiftPackageReference "firebase-ios-sdk" */;
			productName = FirebaseDynamicLinks;
		};
		0811BB332D2A362E00632B1F /* FirebaseDynamicLinks */ = {
			isa = XCSwiftPackageProductDependency;
			package = 0857275A2D166634003A2746 /* XCRemoteSwiftPackageReference "firebase-ios-sdk" */;
			productName = FirebaseDynamicLinks;
		};
		0811BB352D2A363C00632B1F /* FirebaseDynamicLinks */ = {
			isa = XCSwiftPackageProductDependency;
			package = 0857275A2D166634003A2746 /* XCRemoteSwiftPackageReference "firebase-ios-sdk" */;
			productName = FirebaseDynamicLinks;
		};
		0811BBA52D2C856400632B1F /* BranchSDK */ = {
			isa = XCSwiftPackageProductDependency;
			package = 0811BBA42D2C856400632B1F /* XCRemoteSwiftPackageReference "ios-branch-sdk-spm" */;
			productName = BranchSDK;
		};
		0811BBA72D2C857300632B1F /* BranchSDK */ = {
			isa = XCSwiftPackageProductDependency;
			package = 0811BBA42D2C856400632B1F /* XCRemoteSwiftPackageReference "ios-branch-sdk-spm" */;
			productName = BranchSDK;
		};
		0811BBA92D2C858000632B1F /* BranchSDK */ = {
			isa = XCSwiftPackageProductDependency;
			package = 0811BBA42D2C856400632B1F /* XCRemoteSwiftPackageReference "ios-branch-sdk-spm" */;
			productName = BranchSDK;
		};
		0811BBAB2D2CF54B00632B1F /* FirebaseFunctions */ = {
			isa = XCSwiftPackageProductDependency;
			productName = FirebaseFunctions;
		};
		0811BBAD2D2CF55F00632B1F /* FirebaseFunctions */ = {
			isa = XCSwiftPackageProductDependency;
			productName = FirebaseFunctions;
		};
		0811BBAF2D2CF56E00632B1F /* FirebaseFunctions */ = {
			isa = XCSwiftPackageProductDependency;
			productName = FirebaseFunctions;
		};
		083B0EE32D28FAE900B6286C /* RevenueCat */ = {
			isa = XCSwiftPackageProductDependency;
			package = 083B0EE22D28FAE900B6286C /* XCRemoteSwiftPackageReference "purchases-ios" */;
			productName = RevenueCat;
		};
		083B0EE52D28FAFD00B6286C /* RevenueCat */ = {
			isa = XCSwiftPackageProductDependency;
			package = 083B0EE22D28FAE900B6286C /* XCRemoteSwiftPackageReference "purchases-ios" */;
			productName = RevenueCat;
		};
		083B0EE72D28FB0A00B6286C /* RevenueCat */ = {
			isa = XCSwiftPackageProductDependency;
			package = 083B0EE22D28FAE900B6286C /* XCRemoteSwiftPackageReference "purchases-ios" */;
			productName = RevenueCat;
		};
		083B0EF52D29F31700B6286C /* FirebaseAnalyticsOnDeviceConversion */ = {
			isa = XCSwiftPackageProductDependency;
			package = 0857275A2D166634003A2746 /* XCRemoteSwiftPackageReference "firebase-ios-sdk" */;
			productName = FirebaseAnalyticsOnDeviceConversion;
		};
		083B0EF72D29F31700B6286C /* FirebaseAnalyticsWithoutAdIdSupport */ = {
			isa = XCSwiftPackageProductDependency;
			package = 0857275A2D166634003A2746 /* XCRemoteSwiftPackageReference "firebase-ios-sdk" */;
			productName = FirebaseAnalyticsWithoutAdIdSupport;
		};
		083B0EF92D29F31700B6286C /* FirebaseAppCheck */ = {
			isa = XCSwiftPackageProductDependency;
			package = 0857275A2D166634003A2746 /* XCRemoteSwiftPackageReference "firebase-ios-sdk" */;
			productName = FirebaseAppCheck;
		};
		083B0EFB2D29F31700B6286C /* FirebaseAppDistribution-Beta */ = {
			isa = XCSwiftPackageProductDependency;
			package = 0857275A2D166634003A2746 /* XCRemoteSwiftPackageReference "firebase-ios-sdk" */;
			productName = "FirebaseAppDistribution-Beta";
		};
		0857275B2D166634003A2746 /* FirebaseAnalytics */ = {
			isa = XCSwiftPackageProductDependency;
			package = 0857275A2D166634003A2746 /* XCRemoteSwiftPackageReference "firebase-ios-sdk" */;
			productName = FirebaseAnalytics;
		};
		0857275D2D16665B003A2746 /* FirebaseAnalytics */ = {
			isa = XCSwiftPackageProductDependency;
			package = 0857275A2D166634003A2746 /* XCRemoteSwiftPackageReference "firebase-ios-sdk" */;
			productName = FirebaseAnalytics;
		};
		0857275F2D16666F003A2746 /* FirebaseAnalytics */ = {
			isa = XCSwiftPackageProductDependency;
			package = 0857275A2D166634003A2746 /* XCRemoteSwiftPackageReference "firebase-ios-sdk" */;
			productName = FirebaseAnalytics;
		};
		085727622D23486F003A2746 /* FirebaseAuth */ = {
			isa = XCSwiftPackageProductDependency;
			package = 0857275A2D166634003A2746 /* XCRemoteSwiftPackageReference "firebase-ios-sdk" */;
			productName = FirebaseAuth;
		};
		085727642D234877003A2746 /* FirebaseAuth */ = {
			isa = XCSwiftPackageProductDependency;
			package = 0857275A2D166634003A2746 /* XCRemoteSwiftPackageReference "firebase-ios-sdk" */;
			productName = FirebaseAuth;
		};
		085727662D23487E003A2746 /* FirebaseAuth */ = {
			isa = XCSwiftPackageProductDependency;
			package = 0857275A2D166634003A2746 /* XCRemoteSwiftPackageReference "firebase-ios-sdk" */;
			productName = FirebaseAuth;
		};
		0857277B2D238A6D003A2746 /* GoogleSignIn */ = {
			isa = XCSwiftPackageProductDependency;
			package = 0857277A2D238A6D003A2746 /* XCRemoteSwiftPackageReference "GoogleSignIn-iOS" */;
			productName = GoogleSignIn;
		};
		0857277D2D238A6D003A2746 /* GoogleSignInSwift */ = {
			isa = XCSwiftPackageProductDependency;
			package = 0857277A2D238A6D003A2746 /* XCRemoteSwiftPackageReference "GoogleSignIn-iOS" */;
			productName = GoogleSignInSwift;
		};
		0857277F2D238AB0003A2746 /* GoogleSignIn */ = {
			isa = XCSwiftPackageProductDependency;
			package = 0857277A2D238A6D003A2746 /* XCRemoteSwiftPackageReference "GoogleSignIn-iOS" */;
			productName = GoogleSignIn;
		};
		085727812D238AB0003A2746 /* GoogleSignInSwift */ = {
			isa = XCSwiftPackageProductDependency;
			package = 0857277A2D238A6D003A2746 /* XCRemoteSwiftPackageReference "GoogleSignIn-iOS" */;
			productName = GoogleSignInSwift;
		};
		085727832D238AC5003A2746 /* GoogleSignIn */ = {
			isa = XCSwiftPackageProductDependency;
			package = 0857277A2D238A6D003A2746 /* XCRemoteSwiftPackageReference "GoogleSignIn-iOS" */;
			productName = GoogleSignIn;
		};
		085727852D238AC5003A2746 /* GoogleSignInSwift */ = {
			isa = XCSwiftPackageProductDependency;
			package = 0857277A2D238A6D003A2746 /* XCRemoteSwiftPackageReference "GoogleSignIn-iOS" */;
			productName = GoogleSignInSwift;
		};
		08B8F0292D2FAE6A00CAC8DF /* FirebaseStorage */ = {
			isa = XCSwiftPackageProductDependency;
			package = 0857275A2D166634003A2746 /* XCRemoteSwiftPackageReference "firebase-ios-sdk" */;
			productName = FirebaseStorage;
		};
		08B8F02B2D2FAE7C00CAC8DF /* FirebaseStorage */ = {
			isa = XCSwiftPackageProductDependency;
			package = 0857275A2D166634003A2746 /* XCRemoteSwiftPackageReference "firebase-ios-sdk" */;
			productName = FirebaseStorage;
		};
		08B8F02D2D2FAE8A00CAC8DF /* FirebaseStorage */ = {
			isa = XCSwiftPackageProductDependency;
			package = 0857275A2D166634003A2746 /* XCRemoteSwiftPackageReference "firebase-ios-sdk" */;
			productName = FirebaseStorage;
		};
/* End XCSwiftPackageProductDependency section */
	};
	rootObject = 081E4BE92D054CAE00FCF44A /* Project object */;
}
